<Solution>
  <Folder Name="/src/">
    <Project Path="src/ZeOverlay.App/ZeOverlay.App.csproj" />
    <Project Path="src/ZeOverlay.Core/ZeOverlay.Core.csproj" />
    <Project Path="src/ZeOverlay.Platform.Windows/ZeOverlay.Platform.Windows.csproj" />
  </Folder>
  <Folder Name="/tests/">
    <Project Path="tests/ZeOverlay.Core.Tests/ZeOverlay.Core.Tests.csproj" />
  </Folder>
</Solution>
